{
  "nodes": {
    "nixpkgs": {
      "locked": {
        "lastModified": 1745526057,
        "narHash": "sha256-ITSpPDwvLBZBnPRS2bUcHY3gZSwis/uTe255QgMtTLA=",
        "owner": "nixos",
        "repo": "nixpkgs",
        "rev": "f771eb401a46846c1aebd20552521b233dd7e18b",
        "type": "github"
      },
      "original": {
        "owner": "nixos",
        "ref": "nixos-unstable",
        "repo": "nixpkgs",
        "type": "github"
      }
    },
    "papermod-theme": {
      "flake": false,
      "locked": {
        "lastModified": 1744551339,
        "narHash": "sha256-5ULGfWsdTLL9DRoAZjjr4S1/IN45X9PPmkDxgKq7YmI=",
        "owner": "haennes",
        "repo": "hugo-PaperMod",
        "rev": "fffd05662ff83ae8bde3d3fc43ac8714211dee4b",
        "type": "github"
      },
      "original": {
        "owner": "haennes",
        "repo": "hugo-PaperMod",
        "type": "github"
      }
    },
    "root": {
      "inputs": {
        "nixpkgs": "nixpkgs",
        "papermod-theme": "papermod-theme"
      }
    }
  },
  "root": "root",
  "version": 7
}
