{
  "nodes": {
    "nixpkgs": {
      "locked": {
        "lastModified": 1745526057,
        "narHash": "sha256-ITSpPDwvLBZBnPRS2bUcHY3gZSwis/uTe255QgMtTLA=",
        "owner": "nixos",
        "repo": "nixpkgs",
        "rev": "f771eb401a46846c1aebd20552521b233dd7e18b",
        "type": "github"
      },
      "original": {
        "owner": "nixos",
        "ref": "nixos-unstable",
        "repo": "nixpkgs",
        "type": "github"
      }
    },
    "papermod-theme": {
      "flake": false,
      "locked": {
        "lastModified": 1745872246,
        "narHash": "sha256-9B1/0sFOnVBs5NW9Lqp6/MyQ4IJhK2Xy2VnstLpiKzQ=",
        "owner": "haennes",
        "repo": "hugo-PaperMod",
        "rev": "7e5a746bff95c25be409ca118f9c11304cc5394c",
        "type": "github"
      },
      "original": {
        "owner": "haennes",
        "repo": "hugo-PaperMod",
        "type": "github"
      }
    },
    "root": {
      "inputs": {
        "nixpkgs": "nixpkgs",
        "papermod-theme": "papermod-theme"
      }
    }
  },
  "root": "root",
  "version": 7
}
